
Microsoft Visual Studio Solution File, Format Version 12.00
# Visual Studio Version 17
VisualStudioVersion = 17.4.33205.214
MinimumVisualStudioVersion = 10.0.40219.1
Project("{9A19103F-16F7-4668-BE54-9A1E7A4F7556}") = "StravaSegmentSniper.ConsoleUI", "StravaSegmentSniper.ConsoleUI\StravaSegmentSniper.ConsoleUI.csproj", "{4E072AFC-6B09-46AD-B8A9-D8F76806B4C3}"
EndProject
Project("{9A19103F-16F7-4668-BE54-9A1E7A4F7556}") = "StravaSegmentSniper.Services", "StravaSegmentSniper.Services\StravaSegmentSniper.Services.csproj", "{9C0592C7-FA0D-4516-A382-684D507975D5}"
EndProject
Project("{9A19103F-16F7-4668-BE54-9A1E7A4F7556}") = "StravaSegmentSniper.Data", "StravaSegmentSniper.Data\StravaSegmentSniper.Data.csproj", "{6FBD90C1-CD3D-4B19-A8F5-1A7C071B2625}"
EndProject
Global
	GlobalSection(SolutionConfigurationPlatforms) = preSolution
		Debug|Any CPU = Debug|Any CPU
		Release|Any CPU = Release|Any CPU
	EndGlobalSection
	GlobalSection(ProjectConfigurationPlatforms) = postSolution
		{4E072AFC-6B09-46AD-B8A9-D8F76806B4C3}.Debug|Any CPU.ActiveCfg = Debug|Any CPU
		{4E072AFC-6B09-46AD-B8A9-D8F76806B4C3}.Debug|Any CPU.Build.0 = Debug|Any CPU
		{4E072AFC-6B09-46AD-B8A9-D8F76806B4C3}.Release|Any CPU.ActiveCfg = Release|Any CPU
		{4E072AFC-6B09-46AD-B8A9-D8F76806B4C3}.Release|Any CPU.Build.0 = Release|Any CPU
		{9C0592C7-FA0D-4516-A382-684D507975D5}.Debug|Any CPU.ActiveCfg = Debug|Any CPU
		{9C0592C7-FA0D-4516-A382-684D507975D5}.Debug|Any CPU.Build.0 = Debug|Any CPU
		{9C0592C7-FA0D-4516-A382-684D507975D5}.Release|Any CPU.ActiveCfg = Release|Any CPU
		{9C0592C7-FA0D-4516-A382-684D507975D5}.Release|Any CPU.Build.0 = Release|Any CPU
		{6FBD90C1-CD3D-4B19-A8F5-1A7C071B2625}.Debug|Any CPU.ActiveCfg = Debug|Any CPU
		{6FBD90C1-CD3D-4B19-A8F5-1A7C071B2625}.Debug|Any CPU.Build.0 = Debug|Any CPU
		{6FBD90C1-CD3D-4B19-A8F5-1A7C071B2625}.Release|Any CPU.ActiveCfg = Release|Any CPU
		{6FBD90C1-CD3D-4B19-A8F5-1A7C071B2625}.Release|Any CPU.Build.0 = Release|Any CPU
	EndGlobalSection
	GlobalSection(SolutionProperties) = preSolution
		HideSolutionNode = FALSE
	EndGlobalSection
	GlobalSection(ExtensibilityGlobals) = postSolution
		SolutionGuid = {FAB59541-FD13-4259-964E-861237B51E69}
	EndGlobalSection
EndGlobal
